
Microsoft Visual Studio Solution File, Format Version 12.00
# Visual Studio 15
VisualStudioVersion = 15.0.28307.271
MinimumVisualStudioVersion = 10.0.40219.1
Project("{9092AA53-FB77-4645-B42D-1CCCA6BD08BD}") = "NodejsWebApp1", "NodejsWebApp1\NodejsWebApp1.njsproj", "{9BB07D04-296E-4CD1-8179-B32EE6BE3136}"
EndProject
Global
	GlobalSection(SolutionConfigurationPlatforms) = preSolution
		Debug|Any CPU = Debug|Any CPU
		Release|Any CPU = Release|Any CPU
	EndGlobalSection
	GlobalSection(ProjectConfigurationPlatforms) = postSolution
		{9BB07D04-296E-4CD1-8179-B32EE6BE3136}.Debug|Any CPU.ActiveCfg = Debug|Any CPU
		{9BB07D04-296E-4CD1-8179-B32EE6BE3136}.Debug|Any CPU.Build.0 = Debug|Any CPU
		{9BB07D04-296E-4CD1-8179-B32EE6BE3136}.Release|Any CPU.ActiveCfg = Release|Any CPU
		{9BB07D04-296E-4CD1-8179-B32EE6BE3136}.Release|Any CPU.Build.0 = Release|Any CPU
	EndGlobalSection
	GlobalSection(SolutionProperties) = preSolution
		HideSolutionNode = FALSE
	EndGlobalSection
	GlobalSection(ExtensibilityGlobals) = postSolution
		SolutionGuid = {86F05189-DCC9-40E2-923C-3BE9E1733F42}
	EndGlobalSection
EndGlobal
